
Microsoft Visual Studio Solution File, Format Version 12.00
# Visual Studio Version 17
VisualStudioVersion = 17.5.002.0
MinimumVisualStudioVersion = 10.0.40219.1
Project("{9A19103F-16F7-4668-BE54-9A1E7A4F7556}") = "Pyz", "Pyz.csproj", "{F3C51297-6E0D-48D6-99DA-E7F9ED1DF163}"
EndProject
Global
	GlobalSection(SolutionConfigurationPlatforms) = preSolution
		Debug|Any CPU = Debug|Any CPU
		Release|Any CPU = Release|Any CPU
	EndGlobalSection
	GlobalSection(ProjectConfigurationPlatforms) = postSolution
		{F3C51297-6E0D-48D6-99DA-E7F9ED1DF163}.Debug|Any CPU.ActiveCfg = Debug|Any CPU
		{F3C51297-6E0D-48D6-99DA-E7F9ED1DF163}.Debug|Any CPU.Build.0 = Debug|Any CPU
		{F3C51297-6E0D-48D6-99DA-E7F9ED1DF163}.Release|Any CPU.ActiveCfg = Release|Any CPU
		{F3C51297-6E0D-48D6-99DA-E7F9ED1DF163}.Release|Any CPU.Build.0 = Release|Any CPU
	EndGlobalSection
	GlobalSection(SolutionProperties) = preSolution
		HideSolutionNode = FALSE
	EndGlobalSection
	GlobalSection(ExtensibilityGlobals) = postSolution
		SolutionGuid = {1BBFC6CD-3C8B-492A-A36F-007272263074}
	EndGlobalSection
EndGlobal
